
Microsoft Visual Studio Solution File, Format Version 12.00
# Visual Studio 15
VisualStudioVersion = 15.0.28307.645
MinimumVisualStudioVersion = 10.0.40219.1
Project("{8BC9CEB8-8B4A-11D0-8D11-00A0C91BC942}") = "SnakeOil", "SnakeOil\SnakeOil.vcxproj", "{581913C8-C74D-4D6C-A08B-CAE37C4E1074}"
EndProject
Global
	GlobalSection(SolutionConfigurationPlatforms) = preSolution
		Debug|x64 = Debug|x64
		Release|x64 = Release|x64
	EndGlobalSection
	GlobalSection(ProjectConfigurationPlatforms) = postSolution
		{581913C8-C74D-4D6C-A08B-CAE37C4E1074}.Debug|x64.ActiveCfg = Debug|x64
		{581913C8-C74D-4D6C-A08B-CAE37C4E1074}.Debug|x64.Build.0 = Debug|x64
		{581913C8-C74D-4D6C-A08B-CAE37C4E1074}.Release|x64.ActiveCfg = Release|x64
		{581913C8-C74D-4D6C-A08B-CAE37C4E1074}.Release|x64.Build.0 = Release|x64
	EndGlobalSection
	GlobalSection(SolutionProperties) = preSolution
		HideSolutionNode = FALSE
	EndGlobalSection
	GlobalSection(ExtensibilityGlobals) = postSolution
		SolutionGuid = {FD27DD41-7E2E-4A35-952B-A79E18688847}
	EndGlobalSection
EndGlobal
